// !$*UTF8*$!
{
	archiveVersion = 1;
	classes = {
	};
	objectVersion = 55;
	objects = {

/* Begin PBXBuildFile section */
		1C0ABD1F2723F12B00012671 /* String++Extension.swift in Sources */ = {isa = PBXBuildFile; fileRef = 1C0ABD1E2723F12B00012671 /* String++Extension.swift */; };
		1C0ABD252723FADB00012671 /* TheaterInfo.swift in Sources */ = {isa = PBXBuildFile; fileRef = 1C0ABD242723FADB00012671 /* TheaterInfo.swift */; };
		1C0ABD272723FAE400012671 /* TheaterLocation.swift in Sources */ = {isa = PBXBuildFile; fileRef = 1C0ABD262723FAE400012671 /* TheaterLocation.swift */; };
		1C0CE9972721295700809F41 /* WebLinkViewController.swift in Sources */ = {isa = PBXBuildFile; fileRef = 1C0CE9962721295700809F41 /* WebLinkViewController.swift */; };
		1C0CE99A27213BF100809F41 /* Kingfisher in Frameworks */ = {isa = PBXBuildFile; productRef = 1C0CE99927213BF100809F41 /* Kingfisher */; };
		1C0CE99C2721432D00809F41 /* TheaterMapViewController.swift in Sources */ = {isa = PBXBuildFile; fileRef = 1C0CE99B2721432D00809F41 /* TheaterMapViewController.swift */; };
		1C0CE99E2721480A00809F41 /* OverviewTableViewCell.swift in Sources */ = {isa = PBXBuildFile; fileRef = 1C0CE99D2721480A00809F41 /* OverviewTableViewCell.swift */; };
		1C0CE9A027215BA000809F41 /* BookViewController.swift in Sources */ = {isa = PBXBuildFile; fileRef = 1C0CE99F27215BA000809F41 /* BookViewController.swift */; };
		1C0CE9A227215C0900809F41 /* BookCollectionViewCell.swift in Sources */ = {isa = PBXBuildFile; fileRef = 1C0CE9A127215C0900809F41 /* BookCollectionViewCell.swift */; };
		1C0CE9A527215FCF00809F41 /* UIColor++Extension.swift in Sources */ = {isa = PBXBuildFile; fileRef = 1C0CE9A427215FCF00809F41 /* UIColor++Extension.swift */; };
		1C40C305271BF8D600CB1C95 /* TrendTableViewCell.swift in Sources */ = {isa = PBXBuildFile; fileRef = 1C40C304271BF8D600CB1C95 /* TrendTableViewCell.swift */; };
		1C40C309271C106C00CB1C95 /* User.swift in Sources */ = {isa = PBXBuildFile; fileRef = 1C40C308271C106C00CB1C95 /* User.swift */; };
		1C8D5195271BDD7500F1A3B2 /* AppDelegate.swift in Sources */ = {isa = PBXBuildFile; fileRef = 1C8D5194271BDD7500F1A3B2 /* AppDelegate.swift */; };
		1C8D5197271BDD7500F1A3B2 /* SceneDelegate.swift in Sources */ = {isa = PBXBuildFile; fileRef = 1C8D5196271BDD7500F1A3B2 /* SceneDelegate.swift */; };
		1C8D5199271BDD7500F1A3B2 /* TrendViewController.swift in Sources */ = {isa = PBXBuildFile; fileRef = 1C8D5198271BDD7500F1A3B2 /* TrendViewController.swift */; };
		1C8D519C271BDD7500F1A3B2 /* Main.storyboard in Resources */ = {isa = PBXBuildFile; fileRef = 1C8D519A271BDD7500F1A3B2 /* Main.storyboard */; };
		1C8D519E271BDD7800F1A3B2 /* Assets.xcassets in Resources */ = {isa = PBXBuildFile; fileRef = 1C8D519D271BDD7800F1A3B2 /* Assets.xcassets */; };
		1C8D51A1271BDD7800F1A3B2 /* LaunchScreen.storyboard in Resources */ = {isa = PBXBuildFile; fileRef = 1C8D519F271BDD7800F1A3B2 /* LaunchScreen.storyboard */; };
		1C8D51A9271BDDAD00F1A3B2 /* SearchViewController.swift in Sources */ = {isa = PBXBuildFile; fileRef = 1C8D51A8271BDDAD00F1A3B2 /* SearchViewController.swift */; };
		1C8D51AB271BDDB800F1A3B2 /* DetailViewController.swift in Sources */ = {isa = PBXBuildFile; fileRef = 1C8D51AA271BDDB800F1A3B2 /* DetailViewController.swift */; };
		1C8D51AD271BDE5E00F1A3B2 /* SearchTableViewCell.swift in Sources */ = {isa = PBXBuildFile; fileRef = 1C8D51AC271BDE5E00F1A3B2 /* SearchTableViewCell.swift */; };
		1C8D51AF271BDF9400F1A3B2 /* DetailTableViewCell.swift in Sources */ = {isa = PBXBuildFile; fileRef = 1C8D51AE271BDF9400F1A3B2 /* DetailTableViewCell.swift */; };
		1C8D51B6271BE07000F1A3B2 /* MediaInfo.swift in Sources */ = {isa = PBXBuildFile; fileRef = 1C8D51B5271BE07000F1A3B2 /* MediaInfo.swift */; };
		1C8D51B8271BE0CC00F1A3B2 /* TvShow.swift in Sources */ = {isa = PBXBuildFile; fileRef = 1C8D51B7271BE0CC00F1A3B2 /* TvShow.swift */; };
		1CDD7EB1272430B7005A34BA /* UIAlert++Extension.swift in Sources */ = {isa = PBXBuildFile; fileRef = 1CDD7EB0272430B7005A34BA /* UIAlert++Extension.swift */; };
		1CEB4E1827279D1300A4274C /* APIService.swift in Sources */ = {isa = PBXBuildFile; fileRef = 1CEB4E1727279D1300A4274C /* APIService.swift */; };
		1CEB4E1E27279D3900A4274C /* SwiftyJSON in Frameworks */ = {isa = PBXBuildFile; productRef = 1CEB4E1D27279D3900A4274C /* SwiftyJSON */; };
		1CEB4E2227279E3900A4274C /* Alamofire in Frameworks */ = {isa = PBXBuildFile; productRef = 1CEB4E2127279E3900A4274C /* Alamofire */; };
/* End PBXBuildFile section */

/* Begin PBXFileReference section */
		1C0ABD1E2723F12B00012671 /* String++Extension.swift */ = {isa = PBXFileReference; lastKnownFileType = sourcecode.swift; path = "String++Extension.swift"; sourceTree = "<group>"; };
		1C0ABD242723FADB00012671 /* TheaterInfo.swift */ = {isa = PBXFileReference; fileEncoding = 4; lastKnownFileType = sourcecode.swift; path = TheaterInfo.swift; sourceTree = "<group>"; };
		1C0ABD262723FAE400012671 /* TheaterLocation.swift */ = {isa = PBXFileReference; fileEncoding = 4; lastKnownFileType = sourcecode.swift; path = TheaterLocation.swift; sourceTree = "<group>"; };
		1C0CE9962721295700809F41 /* WebLinkViewController.swift */ = {isa = PBXFileReference; lastKnownFileType = sourcecode.swift; path = WebLinkViewController.swift; sourceTree = "<group>"; };
		1C0CE99B2721432D00809F41 /* TheaterMapViewController.swift */ = {isa = PBXFileReference; lastKnownFileType = sourcecode.swift; path = TheaterMapViewController.swift; sourceTree = "<group>"; };
		1C0CE99D2721480A00809F41 /* OverviewTableViewCell.swift */ = {isa = PBXFileReference; lastKnownFileType = sourcecode.swift; path = OverviewTableViewCell.swift; sourceTree = "<group>"; };
		1C0CE99F27215BA000809F41 /* BookViewController.swift */ = {isa = PBXFileReference; lastKnownFileType = sourcecode.swift; path = BookViewController.swift; sourceTree = "<group>"; };
		1C0CE9A127215C0900809F41 /* BookCollectionViewCell.swift */ = {isa = PBXFileReference; lastKnownFileType = sourcecode.swift; path = BookCollectionViewCell.swift; sourceTree = "<group>"; };
		1C0CE9A427215FCF00809F41 /* UIColor++Extension.swift */ = {isa = PBXFileReference; lastKnownFileType = sourcecode.swift; path = "UIColor++Extension.swift"; sourceTree = "<group>"; };
		1C40C304271BF8D600CB1C95 /* TrendTableViewCell.swift */ = {isa = PBXFileReference; lastKnownFileType = sourcecode.swift; path = TrendTableViewCell.swift; sourceTree = "<group>"; };
		1C40C308271C106C00CB1C95 /* User.swift */ = {isa = PBXFileReference; lastKnownFileType = sourcecode.swift; path = User.swift; sourceTree = "<group>"; };
		1C8D5191271BDD7500F1A3B2 /* RecommendTrendMedia.app */ = {isa = PBXFileReference; explicitFileType = wrapper.application; includeInIndex = 0; path = RecommendTrendMedia.app; sourceTree = BUILT_PRODUCTS_DIR; };
		1C8D5194271BDD7500F1A3B2 /* AppDelegate.swift */ = {isa = PBXFileReference; lastKnownFileType = sourcecode.swift; path = AppDelegate.swift; sourceTree = "<group>"; };
		1C8D5196271BDD7500F1A3B2 /* SceneDelegate.swift */ = {isa = PBXFileReference; lastKnownFileType = sourcecode.swift; path = SceneDelegate.swift; sourceTree = "<group>"; };
		1C8D5198271BDD7500F1A3B2 /* TrendViewController.swift */ = {isa = PBXFileReference; lastKnownFileType = sourcecode.swift; path = TrendViewController.swift; sourceTree = "<group>"; };
		1C8D519B271BDD7500F1A3B2 /* Base */ = {isa = PBXFileReference; lastKnownFileType = file.storyboard; name = Base; path = Base.lproj/Main.storyboard; sourceTree = "<group>"; };
		1C8D519D271BDD7800F1A3B2 /* Assets.xcassets */ = {isa = PBXFileReference; lastKnownFileType = folder.assetcatalog; path = Assets.xcassets; sourceTree = "<group>"; };
		1C8D51A0271BDD7800F1A3B2 /* Base */ = {isa = PBXFileReference; lastKnownFileType = file.storyboard; name = Base; path = Base.lproj/LaunchScreen.storyboard; sourceTree = "<group>"; };
		1C8D51A2271BDD7800F1A3B2 /* Info.plist */ = {isa = PBXFileReference; lastKnownFileType = text.plist.xml; path = Info.plist; sourceTree = "<group>"; };
		1C8D51A8271BDDAD00F1A3B2 /* SearchViewController.swift */ = {isa = PBXFileReference; lastKnownFileType = sourcecode.swift; path = SearchViewController.swift; sourceTree = "<group>"; };
		1C8D51AA271BDDB800F1A3B2 /* DetailViewController.swift */ = {isa = PBXFileReference; lastKnownFileType = sourcecode.swift; path = DetailViewController.swift; sourceTree = "<group>"; };
		1C8D51AC271BDE5E00F1A3B2 /* SearchTableViewCell.swift */ = {isa = PBXFileReference; lastKnownFileType = sourcecode.swift; path = SearchTableViewCell.swift; sourceTree = "<group>"; };
		1C8D51AE271BDF9400F1A3B2 /* DetailTableViewCell.swift */ = {isa = PBXFileReference; lastKnownFileType = sourcecode.swift; path = DetailTableViewCell.swift; sourceTree = "<group>"; };
		1C8D51B5271BE07000F1A3B2 /* MediaInfo.swift */ = {isa = PBXFileReference; lastKnownFileType = sourcecode.swift; path = MediaInfo.swift; sourceTree = "<group>"; };
		1C8D51B7271BE0CC00F1A3B2 /* TvShow.swift */ = {isa = PBXFileReference; lastKnownFileType = sourcecode.swift; path = TvShow.swift; sourceTree = "<group>"; };
		1CDD7EB0272430B7005A34BA /* UIAlert++Extension.swift */ = {isa = PBXFileReference; lastKnownFileType = sourcecode.swift; path = "UIAlert++Extension.swift"; sourceTree = "<group>"; };
		1CEB4E1727279D1300A4274C /* APIService.swift */ = {isa = PBXFileReference; lastKnownFileType = sourcecode.swift; path = APIService.swift; sourceTree = "<group>"; };
/* End PBXFileReference section */

/* Begin PBXFrameworksBuildPhase section */
		1C8D518E271BDD7500F1A3B2 /* Frameworks */ = {
			isa = PBXFrameworksBuildPhase;
			buildActionMask = 2147483647;
			files = (
				1CEB4E2227279E3900A4274C /* Alamofire in Frameworks */,
				1CEB4E1E27279D3900A4274C /* SwiftyJSON in Frameworks */,
				1C0CE99A27213BF100809F41 /* Kingfisher in Frameworks */,
			);
			runOnlyForDeploymentPostprocessing = 0;
		};
/* End PBXFrameworksBuildPhase section */

/* Begin PBXGroup section */
		1C0CE9A327215FB000809F41 /* Extensions */ = {
			isa = PBXGroup;
			children = (
				1C0CE9A427215FCF00809F41 /* UIColor++Extension.swift */,
				1C0ABD1E2723F12B00012671 /* String++Extension.swift */,
				1CDD7EB0272430B7005A34BA /* UIAlert++Extension.swift */,
			);
			path = Extensions;
			sourceTree = "<group>";
		};
		1C8D5188271BDD7500F1A3B2 = {
			isa = PBXGroup;
			children = (
				1C8D5193271BDD7500F1A3B2 /* RecommendTrendMedia */,
				1C8D5192271BDD7500F1A3B2 /* Products */,
			);
			sourceTree = "<group>";
		};
		1C8D5192271BDD7500F1A3B2 /* Products */ = {
			isa = PBXGroup;
			children = (
				1C8D5191271BDD7500F1A3B2 /* RecommendTrendMedia.app */,
			);
			name = Products;
			sourceTree = "<group>";
		};
		1C8D5193271BDD7500F1A3B2 /* RecommendTrendMedia */ = {
			isa = PBXGroup;
			children = (
				1C8D51B0271BDFA000F1A3B2 /* Resources */,
				1C8D51B1271BDFA600F1A3B2 /* Sources */,
				1C8D51B2271BDFAE00F1A3B2 /* Supporting Files */,
			);
			path = RecommendTrendMedia;
			sourceTree = "<group>";
		};
		1C8D51B0271BDFA000F1A3B2 /* Resources */ = {
			isa = PBXGroup;
			children = (
				1C8D519A271BDD7500F1A3B2 /* Main.storyboard */,
				1C8D519D271BDD7800F1A3B2 /* Assets.xcassets */,
				1C8D519F271BDD7800F1A3B2 /* LaunchScreen.storyboard */,
				1C8D51BA271BE12200F1A3B2 /* Data */,
			);
			path = Resources;
			sourceTree = "<group>";
		};
		1C8D51B1271BDFA600F1A3B2 /* Sources */ = {
			isa = PBXGroup;
			children = (
				1C0CE9A327215FB000809F41 /* Extensions */,
				1C8D5194271BDD7500F1A3B2 /* AppDelegate.swift */,
				1C8D5196271BDD7500F1A3B2 /* SceneDelegate.swift */,
				1C8D51B9271BE11200F1A3B2 /* Model */,
				1C8D51B4271BE03900F1A3B2 /* Views */,
				1C8D51B3271BDFEF00F1A3B2 /* ViewControllers */,
				1CEB4E1727279D1300A4274C /* APIService.swift */,
			);
			path = Sources;
			sourceTree = "<group>";
		};
		1C8D51B2271BDFAE00F1A3B2 /* Supporting Files */ = {
			isa = PBXGroup;
			children = (
				1C8D51A2271BDD7800F1A3B2 /* Info.plist */,
			);
			path = "Supporting Files";
			sourceTree = "<group>";
		};
		1C8D51B3271BDFEF00F1A3B2 /* ViewControllers */ = {
			isa = PBXGroup;
			children = (
				1C8D5198271BDD7500F1A3B2 /* TrendViewController.swift */,
				1C8D51A8271BDDAD00F1A3B2 /* SearchViewController.swift */,
				1C8D51AA271BDDB800F1A3B2 /* DetailViewController.swift */,
				1C0CE9962721295700809F41 /* WebLinkViewController.swift */,
				1C0CE99B2721432D00809F41 /* TheaterMapViewController.swift */,
				1C0CE99F27215BA000809F41 /* BookViewController.swift */,
			);
			path = ViewControllers;
			sourceTree = "<group>";
		};
		1C8D51B4271BE03900F1A3B2 /* Views */ = {
			isa = PBXGroup;
			children = (
				1C40C304271BF8D600CB1C95 /* TrendTableViewCell.swift */,
				1C8D51AC271BDE5E00F1A3B2 /* SearchTableViewCell.swift */,
				1C8D51AE271BDF9400F1A3B2 /* DetailTableViewCell.swift */,
				1C0CE99D2721480A00809F41 /* OverviewTableViewCell.swift */,
				1C0CE9A127215C0900809F41 /* BookCollectionViewCell.swift */,
			);
			path = Views;
			sourceTree = "<group>";
		};
		1C8D51B9271BE11200F1A3B2 /* Model */ = {
			isa = PBXGroup;
			children = (
				1C0ABD262723FAE400012671 /* TheaterLocation.swift */,
				1C8D51B7271BE0CC00F1A3B2 /* TvShow.swift */,
				1C40C308271C106C00CB1C95 /* User.swift */,
			);
			path = Model;
			sourceTree = "<group>";
		};
		1C8D51BA271BE12200F1A3B2 /* Data */ = {
			isa = PBXGroup;
			children = (
				1C0ABD242723FADB00012671 /* TheaterInfo.swift */,
				1C8D51B5271BE07000F1A3B2 /* MediaInfo.swift */,
			);
			path = Data;
			sourceTree = "<group>";
		};
/* End PBXGroup section */

/* Begin PBXNativeTarget section */
		1C8D5190271BDD7500F1A3B2 /* RecommendTrendMedia */ = {
			isa = PBXNativeTarget;
			buildConfigurationList = 1C8D51A5271BDD7800F1A3B2 /* Build configuration list for PBXNativeTarget "RecommendTrendMedia" */;
			buildPhases = (
				1C8D518D271BDD7500F1A3B2 /* Sources */,
				1C8D518E271BDD7500F1A3B2 /* Frameworks */,
				1C8D518F271BDD7500F1A3B2 /* Resources */,
			);
			buildRules = (
			);
			dependencies = (
			);
			name = RecommendTrendMedia;
			packageProductDependencies = (
				1C0CE99927213BF100809F41 /* Kingfisher */,
				1CEB4E1D27279D3900A4274C /* SwiftyJSON */,
				1CEB4E2127279E3900A4274C /* Alamofire */,
			);
			productName = RecommendTrendMedia;
			productReference = 1C8D5191271BDD7500F1A3B2 /* RecommendTrendMedia.app */;
			productType = "com.apple.product-type.application";
		};
/* End PBXNativeTarget section */

/* Begin PBXProject section */
		1C8D5189271BDD7500F1A3B2 /* Project object */ = {
			isa = PBXProject;
			attributes = {
				BuildIndependentTargetsInParallel = 1;
				LastSwiftUpdateCheck = 1300;
				LastUpgradeCheck = 1300;
				TargetAttributes = {
					1C8D5190271BDD7500F1A3B2 = {
						CreatedOnToolsVersion = 13.0;
					};
				};
			};
			buildConfigurationList = 1C8D518C271BDD7500F1A3B2 /* Build configuration list for PBXProject "RecommendTrendMedia" */;
			compatibilityVersion = "Xcode 13.0";
			developmentRegion = en;
			hasScannedForEncodings = 0;
			knownRegions = (
				en,
				Base,
			);
			mainGroup = 1C8D5188271BDD7500F1A3B2;
			packageReferences = (
				1C0CE99827213BF100809F41 /* XCRemoteSwiftPackageReference "Kingfisher" */,
				1CEB4E1C27279D3900A4274C /* XCRemoteSwiftPackageReference "SwiftyJSON" */,
				1CEB4E2027279E3900A4274C /* XCRemoteSwiftPackageReference "Alamofire" */,
			);
			productRefGroup = 1C8D5192271BDD7500F1A3B2 /* Products */;
			projectDirPath = "";
			projectRoot = "";
			targets = (
				1C8D5190271BDD7500F1A3B2 /* RecommendTrendMedia */,
			);
		};
/* End PBXProject section */

/* Begin PBXResourcesBuildPhase section */
		1C8D518F271BDD7500F1A3B2 /* Resources */ = {
			isa = PBXResourcesBuildPhase;
			buildActionMask = 2147483647;
			files = (
				1C8D51A1271BDD7800F1A3B2 /* LaunchScreen.storyboard in Resources */,
				1C8D519E271BDD7800F1A3B2 /* Assets.xcassets in Resources */,
				1C8D519C271BDD7500F1A3B2 /* Main.storyboard in Resources */,
			);
			runOnlyForDeploymentPostprocessing = 0;
		};
/* End PBXResourcesBuildPhase section */

/* Begin PBXSourcesBuildPhase section */
		1C8D518D271BDD7500F1A3B2 /* Sources */ = {
			isa = PBXSourcesBuildPhase;
			buildActionMask = 2147483647;
			files = (
				1C8D5199271BDD7500F1A3B2 /* TrendViewController.swift in Sources */,
				1C0CE9972721295700809F41 /* WebLinkViewController.swift in Sources */,
				1C0ABD1F2723F12B00012671 /* String++Extension.swift in Sources */,
				1C40C305271BF8D600CB1C95 /* TrendTableViewCell.swift in Sources */,
				1CEB4E1827279D1300A4274C /* APIService.swift in Sources */,
				1C8D5195271BDD7500F1A3B2 /* AppDelegate.swift in Sources */,
				1C0CE99E2721480A00809F41 /* OverviewTableViewCell.swift in Sources */,
				1C8D51AF271BDF9400F1A3B2 /* DetailTableViewCell.swift in Sources */,
				1C8D51AB271BDDB800F1A3B2 /* DetailViewController.swift in Sources */,
				1C0CE99C2721432D00809F41 /* TheaterMapViewController.swift in Sources */,
				1C8D51AD271BDE5E00F1A3B2 /* SearchTableViewCell.swift in Sources */,
				1C0CE9A227215C0900809F41 /* BookCollectionViewCell.swift in Sources */,
				1C0CE9A527215FCF00809F41 /* UIColor++Extension.swift in Sources */,
				1C8D51A9271BDDAD00F1A3B2 /* SearchViewController.swift in Sources */,
				1C8D51B6271BE07000F1A3B2 /* MediaInfo.swift in Sources */,
				1C0ABD272723FAE400012671 /* TheaterLocation.swift in Sources */,
				1C8D5197271BDD7500F1A3B2 /* SceneDelegate.swift in Sources */,
				1CDD7EB1272430B7005A34BA /* UIAlert++Extension.swift in Sources */,
				1C0CE9A027215BA000809F41 /* BookViewController.swift in Sources */,
				1C8D51B8271BE0CC00F1A3B2 /* TvShow.swift in Sources */,
				1C40C309271C106C00CB1C95 /* User.swift in Sources */,
				1C0ABD252723FADB00012671 /* TheaterInfo.swift in Sources */,
			);
			runOnlyForDeploymentPostprocessing = 0;
		};
/* End PBXSourcesBuildPhase section */

/* Begin PBXVariantGroup section */
		1C8D519A271BDD7500F1A3B2 /* Main.storyboard */ = {
			isa = PBXVariantGroup;
			children = (
				1C8D519B271BDD7500F1A3B2 /* Base */,
			);
			name = Main.storyboard;
			sourceTree = "<group>";
		};
		1C8D519F271BDD7800F1A3B2 /* LaunchScreen.storyboard */ = {
			isa = PBXVariantGroup;
			children = (
				1C8D51A0271BDD7800F1A3B2 /* Base */,
			);
			name = LaunchScreen.storyboard;
			sourceTree = "<group>";
		};
/* End PBXVariantGroup section */

/* Begin XCBuildConfiguration section */
		1C8D51A3271BDD7800F1A3B2 /* Debug */ = {
			isa = XCBuildConfiguration;
			buildSettings = {
				ALWAYS_SEARCH_USER_PATHS = NO;
				CLANG_ANALYZER_NONNULL = YES;
				CLANG_ANALYZER_NUMBER_OBJECT_CONVERSION = YES_AGGRESSIVE;
				CLANG_CXX_LANGUAGE_STANDARD = "gnu++17";
				CLANG_CXX_LIBRARY = "libc++";
				CLANG_ENABLE_MODULES = YES;
				CLANG_ENABLE_OBJC_ARC = YES;
				CLANG_ENABLE_OBJC_WEAK = YES;
				CLANG_WARN_BLOCK_CAPTURE_AUTORELEASING = YES;
				CLANG_WARN_BOOL_CONVERSION = YES;
				CLANG_WARN_COMMA = YES;
				CLANG_WARN_CONSTANT_CONVERSION = YES;
				CLANG_WARN_DEPRECATED_OBJC_IMPLEMENTATIONS = YES;
				CLANG_WARN_DIRECT_OBJC_ISA_USAGE = YES_ERROR;
				CLANG_WARN_DOCUMENTATION_COMMENTS = YES;
				CLANG_WARN_EMPTY_BODY = YES;
				CLANG_WARN_ENUM_CONVERSION = YES;
				CLANG_WARN_INFINITE_RECURSION = YES;
				CLANG_WARN_INT_CONVERSION = YES;
				CLANG_WARN_NON_LITERAL_NULL_CONVERSION = YES;
				CLANG_WARN_OBJC_IMPLICIT_RETAIN_SELF = YES;
				CLANG_WARN_OBJC_LITERAL_CONVERSION = YES;
				CLANG_WARN_OBJC_ROOT_CLASS = YES_ERROR;
				CLANG_WARN_QUOTED_INCLUDE_IN_FRAMEWORK_HEADER = YES;
				CLANG_WARN_RANGE_LOOP_ANALYSIS = YES;
				CLANG_WARN_STRICT_PROTOTYPES = YES;
				CLANG_WARN_SUSPICIOUS_MOVE = YES;
				CLANG_WARN_UNGUARDED_AVAILABILITY = YES_AGGRESSIVE;
				CLANG_WARN_UNREACHABLE_CODE = YES;
				CLANG_WARN__DUPLICATE_METHOD_MATCH = YES;
				COPY_PHASE_STRIP = NO;
				DEBUG_INFORMATION_FORMAT = dwarf;
				ENABLE_STRICT_OBJC_MSGSEND = YES;
				ENABLE_TESTABILITY = YES;
				GCC_C_LANGUAGE_STANDARD = gnu11;
				GCC_DYNAMIC_NO_PIC = NO;
				GCC_NO_COMMON_BLOCKS = YES;
				GCC_OPTIMIZATION_LEVEL = 0;
				GCC_PREPROCESSOR_DEFINITIONS = (
					"DEBUG=1",
					"$(inherited)",
				);
				GCC_WARN_64_TO_32_BIT_CONVERSION = YES;
				GCC_WARN_ABOUT_RETURN_TYPE = YES_ERROR;
				GCC_WARN_UNDECLARED_SELECTOR = YES;
				GCC_WARN_UNINITIALIZED_AUTOS = YES_AGGRESSIVE;
				GCC_WARN_UNUSED_FUNCTION = YES;
				GCC_WARN_UNUSED_VARIABLE = YES;
				IPHONEOS_DEPLOYMENT_TARGET = 15.0;
				MTL_ENABLE_DEBUG_INFO = INCLUDE_SOURCE;
				MTL_FAST_MATH = YES;
				ONLY_ACTIVE_ARCH = YES;
				SDKROOT = iphoneos;
				SWIFT_ACTIVE_COMPILATION_CONDITIONS = DEBUG;
				SWIFT_OPTIMIZATION_LEVEL = "-Onone";
			};
			name = Debug;
		};
		1C8D51A4271BDD7800F1A3B2 /* Release */ = {
			isa = XCBuildConfiguration;
			buildSettings = {
				ALWAYS_SEARCH_USER_PATHS = NO;
				CLANG_ANALYZER_NONNULL = YES;
				CLANG_ANALYZER_NUMBER_OBJECT_CONVERSION = YES_AGGRESSIVE;
				CLANG_CXX_LANGUAGE_STANDARD = "gnu++17";
				CLANG_CXX_LIBRARY = "libc++";
				CLANG_ENABLE_MODULES = YES;
				CLANG_ENABLE_OBJC_ARC = YES;
				CLANG_ENABLE_OBJC_WEAK = YES;
				CLANG_WARN_BLOCK_CAPTURE_AUTORELEASING = YES;
				CLANG_WARN_BOOL_CONVERSION = YES;
				CLANG_WARN_COMMA = YES;
				CLANG_WARN_CONSTANT_CONVERSION = YES;
				CLANG_WARN_DEPRECATED_OBJC_IMPLEMENTATIONS = YES;
				CLANG_WARN_DIRECT_OBJC_ISA_USAGE = YES_ERROR;
				CLANG_WARN_DOCUMENTATION_COMMENTS = YES;
				CLANG_WARN_EMPTY_BODY = YES;
				CLANG_WARN_ENUM_CONVERSION = YES;
				CLANG_WARN_INFINITE_RECURSION = YES;
				CLANG_WARN_INT_CONVERSION = YES;
				CLANG_WARN_NON_LITERAL_NULL_CONVERSION = YES;
				CLANG_WARN_OBJC_IMPLICIT_RETAIN_SELF = YES;
				CLANG_WARN_OBJC_LITERAL_CONVERSION = YES;
				CLANG_WARN_OBJC_ROOT_CLASS = YES_ERROR;
				CLANG_WARN_QUOTED_INCLUDE_IN_FRAMEWORK_HEADER = YES;
				CLANG_WARN_RANGE_LOOP_ANALYSIS = YES;
				CLANG_WARN_STRICT_PROTOTYPES = YES;
				CLANG_WARN_SUSPICIOUS_MOVE = YES;
				CLANG_WARN_UNGUARDED_AVAILABILITY = YES_AGGRESSIVE;
				CLANG_WARN_UNREACHABLE_CODE = YES;
				CLANG_WARN__DUPLICATE_METHOD_MATCH = YES;
				COPY_PHASE_STRIP = NO;
				DEBUG_INFORMATION_FORMAT = "dwarf-with-dsym";
				ENABLE_NS_ASSERTIONS = NO;
				ENABLE_STRICT_OBJC_MSGSEND = YES;
				GCC_C_LANGUAGE_STANDARD = gnu11;
				GCC_NO_COMMON_BLOCKS = YES;
				GCC_WARN_64_TO_32_BIT_CONVERSION = YES;
				GCC_WARN_ABOUT_RETURN_TYPE = YES_ERROR;
				GCC_WARN_UNDECLARED_SELECTOR = YES;
				GCC_WARN_UNINITIALIZED_AUTOS = YES_AGGRESSIVE;
				GCC_WARN_UNUSED_FUNCTION = YES;
				GCC_WARN_UNUSED_VARIABLE = YES;
				IPHONEOS_DEPLOYMENT_TARGET = 15.0;
				MTL_ENABLE_DEBUG_INFO = NO;
				MTL_FAST_MATH = YES;
				SDKROOT = iphoneos;
				SWIFT_COMPILATION_MODE = wholemodule;
				SWIFT_OPTIMIZATION_LEVEL = "-O";
				VALIDATE_PRODUCT = YES;
			};
			name = Release;
		};
		1C8D51A6271BDD7800F1A3B2 /* Debug */ = {
			isa = XCBuildConfiguration;
			buildSettings = {
				ASSETCATALOG_COMPILER_APPICON_NAME = AppIcon;
				ASSETCATALOG_COMPILER_GLOBAL_ACCENT_COLOR_NAME = AccentColor;
				CODE_SIGN_STYLE = Automatic;
				CURRENT_PROJECT_VERSION = 1;
				DEVELOPMENT_TEAM = 5LZNHGFB8C;
				GENERATE_INFOPLIST_FILE = YES;
				INFOPLIST_FILE = "RecommendTrendMedia/Supporting Files/Info.plist";
				INFOPLIST_KEY_UIApplicationSupportsIndirectInputEvents = YES;
				INFOPLIST_KEY_UILaunchStoryboardName = LaunchScreen;
				INFOPLIST_KEY_UIMainStoryboardFile = Main;
				INFOPLIST_KEY_UISupportedInterfaceOrientations_iPad = "UIInterfaceOrientationPortrait UIInterfaceOrientationPortraitUpsideDown UIInterfaceOrientationLandscapeLeft UIInterfaceOrientationLandscapeRight";
				INFOPLIST_KEY_UISupportedInterfaceOrientations_iPhone = "UIInterfaceOrientationPortrait UIInterfaceOrientationLandscapeLeft UIInterfaceOrientationLandscapeRight";
				LD_RUNPATH_SEARCH_PATHS = (
					"$(inherited)",
					"@executable_path/Frameworks",
				);
				MARKETING_VERSION = 1.0;
				PRODUCT_BUNDLE_IDENTIFIER = heyziin.RecommendTrendMedia;
				PRODUCT_NAME = "$(TARGET_NAME)";
				SWIFT_EMIT_LOC_STRINGS = YES;
				SWIFT_VERSION = 5.0;
				TARGETED_DEVICE_FAMILY = "1,2";
			};
			name = Debug;
		};
		1C8D51A7271BDD7800F1A3B2 /* Release */ = {
			isa = XCBuildConfiguration;
			buildSettings = {
				ASSETCATALOG_COMPILER_APPICON_NAME = AppIcon;
				ASSETCATALOG_COMPILER_GLOBAL_ACCENT_COLOR_NAME = AccentColor;
				CODE_SIGN_STYLE = Automatic;
				CURRENT_PROJECT_VERSION = 1;
				DEVELOPMENT_TEAM = 5LZNHGFB8C;
				GENERATE_INFOPLIST_FILE = YES;
				INFOPLIST_FILE = "RecommendTrendMedia/Supporting Files/Info.plist";
				INFOPLIST_KEY_UIApplicationSupportsIndirectInputEvents = YES;
				INFOPLIST_KEY_UILaunchStoryboardName = LaunchScreen;
				INFOPLIST_KEY_UIMainStoryboardFile = Main;
				INFOPLIST_KEY_UISupportedInterfaceOrientations_iPad = "UIInterfaceOrientationPortrait UIInterfaceOrientationPortraitUpsideDown UIInterfaceOrientationLandscapeLeft UIInterfaceOrientationLandscapeRight";
				INFOPLIST_KEY_UISupportedInterfaceOrientations_iPhone = "UIInterfaceOrientationPortrait UIInterfaceOrientationLandscapeLeft UIInterfaceOrientationLandscapeRight";
				LD_RUNPATH_SEARCH_PATHS = (
					"$(inherited)",
					"@executable_path/Frameworks",
				);
				MARKETING_VERSION = 1.0;
				PRODUCT_BUNDLE_IDENTIFIER = heyziin.RecommendTrendMedia;
				PRODUCT_NAME = "$(TARGET_NAME)";
				SWIFT_EMIT_LOC_STRINGS = YES;
				SWIFT_VERSION = 5.0;
				TARGETED_DEVICE_FAMILY = "1,2";
			};
			name = Release;
		};
/* End XCBuildConfiguration section */

/* Begin XCConfigurationList section */
		1C8D518C271BDD7500F1A3B2 /* Build configuration list for PBXProject "RecommendTrendMedia" */ = {
			isa = XCConfigurationList;
			buildConfigurations = (
				1C8D51A3271BDD7800F1A3B2 /* Debug */,
				1C8D51A4271BDD7800F1A3B2 /* Release */,
			);
			defaultConfigurationIsVisible = 0;
			defaultConfigurationName = Release;
		};
		1C8D51A5271BDD7800F1A3B2 /* Build configuration list for PBXNativeTarget "RecommendTrendMedia" */ = {
			isa = XCConfigurationList;
			buildConfigurations = (
				1C8D51A6271BDD7800F1A3B2 /* Debug */,
				1C8D51A7271BDD7800F1A3B2 /* Release */,
			);
			defaultConfigurationIsVisible = 0;
			defaultConfigurationName = Release;
		};
/* End XCConfigurationList section */

/* Begin XCRemoteSwiftPackageReference section */
		1C0CE99827213BF100809F41 /* XCRemoteSwiftPackageReference "Kingfisher" */ = {
			isa = XCRemoteSwiftPackageReference;
			repositoryURL = "https://github.com/onevcat/Kingfisher";
			requirement = {
				kind = upToNextMajorVersion;
				minimumVersion = 7.0.0;
			};
		};
		1CEB4E1C27279D3900A4274C /* XCRemoteSwiftPackageReference "SwiftyJSON" */ = {
			isa = XCRemoteSwiftPackageReference;
			repositoryURL = "https://github.com/SwiftyJSON/SwiftyJSON";
			requirement = {
				kind = exactVersion;
				version = 5.0.0;
			};
		};
		1CEB4E2027279E3900A4274C /* XCRemoteSwiftPackageReference "Alamofire" */ = {
			isa = XCRemoteSwiftPackageReference;
			repositoryURL = "https://github.com/Alamofire/Alamofire";
			requirement = {
				kind = upToNextMajorVersion;
				minimumVersion = 5.0.0;
			};
		};
/* End XCRemoteSwiftPackageReference section */

/* Begin XCSwiftPackageProductDependency section */
		1C0CE99927213BF100809F41 /* Kingfisher */ = {
			isa = XCSwiftPackageProductDependency;
			package = 1C0CE99827213BF100809F41 /* XCRemoteSwiftPackageReference "Kingfisher" */;
			productName = Kingfisher;
		};
		1CEB4E1D27279D3900A4274C /* SwiftyJSON */ = {
			isa = XCSwiftPackageProductDependency;
			package = 1CEB4E1C27279D3900A4274C /* XCRemoteSwiftPackageReference "SwiftyJSON" */;
			productName = SwiftyJSON;
		};
		1CEB4E2127279E3900A4274C /* Alamofire */ = {
			isa = XCSwiftPackageProductDependency;
			package = 1CEB4E2027279E3900A4274C /* XCRemoteSwiftPackageReference "Alamofire" */;
			productName = Alamofire;
		};
/* End XCSwiftPackageProductDependency section */
	};
	rootObject = 1C8D5189271BDD7500F1A3B2 /* Project object */;
}
